
Microsoft Visual Studio Solution File, Format Version 12.00
# Visual Studio Version 17
VisualStudioVersion = 17.5.002.0
MinimumVisualStudioVersion = 10.0.40219.1
Project("{2150E333-8FDC-42A3-9474-1A3956D46DE8}") = "src", "src", "{26810EAF-0508-450E-B422-919F3EAD9DF4}"
EndProject
Project("{9A19103F-16F7-4668-BE54-9A1E7A4F7556}") = "AF-CIAM", "src\AF-CIAM\AF-CIAM.csproj", "{AAB8B747-B4FB-4C97-AE0A-363230BD38D7}"
EndProject
Global
	GlobalSection(SolutionConfigurationPlatforms) = preSolution
		Debug|Any CPU = Debug|Any CPU
		Release|Any CPU = Release|Any CPU
	EndGlobalSection
	GlobalSection(ProjectConfigurationPlatforms) = postSolution
		{AAB8B747-B4FB-4C97-AE0A-363230BD38D7}.Debug|Any CPU.ActiveCfg = Debug|Any CPU
		{AAB8B747-B4FB-4C97-AE0A-363230BD38D7}.Debug|Any CPU.Build.0 = Debug|Any CPU
		{AAB8B747-B4FB-4C97-AE0A-363230BD38D7}.Release|Any CPU.ActiveCfg = Release|Any CPU
		{AAB8B747-B4FB-4C97-AE0A-363230BD38D7}.Release|Any CPU.Build.0 = Release|Any CPU
	EndGlobalSection
	GlobalSection(SolutionProperties) = preSolution
		HideSolutionNode = FALSE
	EndGlobalSection
	GlobalSection(NestedProjects) = preSolution
		{AAB8B747-B4FB-4C97-AE0A-363230BD38D7} = {26810EAF-0508-450E-B422-919F3EAD9DF4}
	EndGlobalSection
	GlobalSection(ExtensibilityGlobals) = postSolution
		SolutionGuid = {DA5B90FE-A8A0-43BB-86FF-07E32CED515C}
	EndGlobalSection
EndGlobal
